// !$*UTF8*$!
{
	archiveVersion = 1;
	classes = {
	};
	objectVersion = 46;
	objects = {

/* Begin PBXBuildFile section */
		2DB4364F1D4D632700F8E69D /* AppDelegate.swift in Sources */ = {isa = PBXBuildFile; fileRef = 2DB4364E1D4D632700F8E69D /* AppDelegate.swift */; };
		2DB436511D4D632700F8E69D /* CardCreatorViewController.swift in Sources */ = {isa = PBXBuildFile; fileRef = 2DB436501D4D632700F8E69D /* CardCreatorViewController.swift */; };
		2DB436561D4D632700F8E69D /* Assets.xcassets in Resources */ = {isa = PBXBuildFile; fileRef = 2DB436551D4D632700F8E69D /* Assets.xcassets */; };
		2DB436591D4D632700F8E69D /* LaunchScreen.storyboard in Resources */ = {isa = PBXBuildFile; fileRef = 2DB436571D4D632700F8E69D /* LaunchScreen.storyboard */; };
/* End PBXBuildFile section */

/* Begin PBXFileReference section */
		2DB4364B1D4D632700F8E69D /* CardCreator.app */ = {isa = PBXFileReference; explicitFileType = wrapper.application; includeInIndex = 0; path = CardCreator.app; sourceTree = BUILT_PRODUCTS_DIR; };
		2DB4364E1D4D632700F8E69D /* AppDelegate.swift */ = {isa = PBXFileReference; lastKnownFileType = sourcecode.swift; path = AppDelegate.swift; sourceTree = "<group>"; };
		2DB436501D4D632700F8E69D /* CardCreatorViewController.swift */ = {isa = PBXFileReference; lastKnownFileType = sourcecode.swift; path = CardCreatorViewController.swift; sourceTree = "<group>"; };
		2DB436551D4D632700F8E69D /* Assets.xcassets */ = {isa = PBXFileReference; lastKnownFileType = folder.assetcatalog; path = Assets.xcassets; sourceTree = "<group>"; };
		2DB436581D4D632700F8E69D /* Base */ = {isa = PBXFileReference; lastKnownFileType = file.storyboard; name = Base; path = Base.lproj/LaunchScreen.storyboard; sourceTree = "<group>"; };
		2DB4365A1D4D632700F8E69D /* Info.plist */ = {isa = PBXFileReference; lastKnownFileType = text.plist.xml; path = Info.plist; sourceTree = "<group>"; };
/* End PBXFileReference section */

/* Begin PBXFrameworksBuildPhase section */
		2DB436481D4D632700F8E69D /* Frameworks */ = {
			isa = PBXFrameworksBuildPhase;
			buildActionMask = 2147483647;
			files = (
			);
			runOnlyForDeploymentPostprocessing = 0;
		};
/* End PBXFrameworksBuildPhase section */

/* Begin PBXGroup section */
		2DB436421D4D632700F8E69D = {
			isa = PBXGroup;
			children = (
				2DB4364D1D4D632700F8E69D /* CardCreator */,
				2DB4364C1D4D632700F8E69D /* Products */,
			);
			sourceTree = "<group>";
		};
		2DB4364C1D4D632700F8E69D /* Products */ = {
			isa = PBXGroup;
			children = (
				2DB4364B1D4D632700F8E69D /* CardCreator.app */,
			);
			name = Products;
			sourceTree = "<group>";
		};
		2DB4364D1D4D632700F8E69D /* CardCreator */ = {
			isa = PBXGroup;
			children = (
				2DB4364E1D4D632700F8E69D /* AppDelegate.swift */,
				2DB436501D4D632700F8E69D /* CardCreatorViewController.swift */,
				2DB436551D4D632700F8E69D /* Assets.xcassets */,
				2DB436571D4D632700F8E69D /* LaunchScreen.storyboard */,
				2DB4365A1D4D632700F8E69D /* Info.plist */,
			);
			path = CardCreator;
			sourceTree = "<group>";
		};
/* End PBXGroup section */

/* Begin PBXNativeTarget section */
		2DB4364A1D4D632700F8E69D /* CardCreator */ = {
			isa = PBXNativeTarget;
			buildConfigurationList = 2DB4365D1D4D632700F8E69D /* Build configuration list for PBXNativeTarget "CardCreator" */;
			buildPhases = (
				2DB436471D4D632700F8E69D /* Sources */,
				2DB436481D4D632700F8E69D /* Frameworks */,
				2DB436491D4D632700F8E69D /* Resources */,
			);
			buildRules = (
			);
			dependencies = (
			);
			name = CardCreator;
			productName = CardCreator;
			productReference = 2DB4364B1D4D632700F8E69D /* CardCreator.app */;
			productType = "com.apple.product-type.application";
		};
/* End PBXNativeTarget section */

/* Begin PBXProject section */
		2DB436431D4D632700F8E69D /* Project object */ = {
			isa = PBXProject;
			attributes = {
				LastSwiftUpdateCheck = 0730;
				LastUpgradeCheck = 0730;
				ORGANIZATIONNAME = NYPL;
				TargetAttributes = {
					2DB4364A1D4D632700F8E69D = {
						CreatedOnToolsVersion = 7.3.1;
					};
				};
			};
			buildConfigurationList = 2DB436461D4D632700F8E69D /* Build configuration list for PBXProject "CardCreator" */;
			compatibilityVersion = "Xcode 3.2";
			developmentRegion = English;
			hasScannedForEncodings = 0;
			knownRegions = (
				en,
				Base,
			);
			mainGroup = 2DB436421D4D632700F8E69D;
			productRefGroup = 2DB4364C1D4D632700F8E69D /* Products */;
			projectDirPath = "";
			projectRoot = "";
			targets = (
				2DB4364A1D4D632700F8E69D /* CardCreator */,
			);
		};
/* End PBXProject section */

/* Begin PBXResourcesBuildPhase section */
		2DB436491D4D632700F8E69D /* Resources */ = {
			isa = PBXResourcesBuildPhase;
			buildActionMask = 2147483647;
			files = (
				2DB436591D4D632700F8E69D /* LaunchScreen.storyboard in Resources */,
				2DB436561D4D632700F8E69D /* Assets.xcassets in Resources */,
			);
			runOnlyForDeploymentPostprocessing = 0;
		};
/* End PBXResourcesBuildPhase section */

/* Begin PBXSourcesBuildPhase section */
		2DB436471D4D632700F8E69D /* Sources */ = {
			isa = PBXSourcesBuildPhase;
			buildActionMask = 2147483647;
			files = (
				2DB436511D4D632700F8E69D /* CardCreatorViewController.swift in Sources */,
				2DB4364F1D4D632700F8E69D /* AppDelegate.swift in Sources */,
			);
			runOnlyForDeploymentPostprocessing = 0;
		};
/* End PBXSourcesBuildPhase section */

/* Begin PBXVariantGroup section */
		2DB436571D4D632700F8E69D /* LaunchScreen.storyboard */ = {
			isa = PBXVariantGroup;
			children = (
				2DB436581D4D632700F8E69D /* Base */,
			);
			name = LaunchScreen.storyboard;
			sourceTree = "<group>";
		};
/* End PBXVariantGroup section */

/* Begin XCBuildConfiguration section */
		2DB4365B1D4D632700F8E69D /* Debug */ = {
			isa = XCBuildConfiguration;
			buildSettings = {
				ALWAYS_SEARCH_USER_PATHS = NO;
				CLANG_ANALYZER_NONNULL = YES;
				CLANG_CXX_LANGUAGE_STANDARD = "gnu++0x";
				CLANG_CXX_LIBRARY = "libc++";
				CLANG_ENABLE_MODULES = YES;
				CLANG_ENABLE_OBJC_ARC = YES;
				CLANG_WARN_BOOL_CONVERSION = YES;
				CLANG_WARN_CONSTANT_CONVERSION = YES;
				CLANG_WARN_DIRECT_OBJC_ISA_USAGE = YES_ERROR;
				CLANG_WARN_EMPTY_BODY = YES;
				CLANG_WARN_ENUM_CONVERSION = YES;
				CLANG_WARN_INT_CONVERSION = YES;
				CLANG_WARN_OBJC_ROOT_CLASS = YES_ERROR;
				CLANG_WARN_UNREACHABLE_CODE = YES;
				CLANG_WARN__DUPLICATE_METHOD_MATCH = YES;
				"CODE_SIGN_IDENTITY[sdk=iphoneos*]" = "iPhone Developer";
				COPY_PHASE_STRIP = NO;
				DEBUG_INFORMATION_FORMAT = dwarf;
				ENABLE_STRICT_OBJC_MSGSEND = YES;
				ENABLE_TESTABILITY = YES;
				GCC_C_LANGUAGE_STANDARD = gnu99;
				GCC_DYNAMIC_NO_PIC = NO;
				GCC_NO_COMMON_BLOCKS = YES;
				GCC_OPTIMIZATION_LEVEL = 0;
				GCC_PREPROCESSOR_DEFINITIONS = (
					"DEBUG=1",
					"$(inherited)",
				);
				GCC_WARN_64_TO_32_BIT_CONVERSION = YES;
				GCC_WARN_ABOUT_RETURN_TYPE = YES_ERROR;
				GCC_WARN_UNDECLARED_SELECTOR = YES;
				GCC_WARN_UNINITIALIZED_AUTOS = YES_AGGRESSIVE;
				GCC_WARN_UNUSED_FUNCTION = YES;
				GCC_WARN_UNUSED_VARIABLE = YES;
				IPHONEOS_DEPLOYMENT_TARGET = 9.3;
				MTL_ENABLE_DEBUG_INFO = YES;
				ONLY_ACTIVE_ARCH = YES;
				SDKROOT = iphoneos;
				SWIFT_OPTIMIZATION_LEVEL = "-Onone";
				TARGETED_DEVICE_FAMILY = "1,2";
			};
			name = Debug;
		};
		2DB4365C1D4D632700F8E69D /* Release */ = {
			isa = XCBuildConfiguration;
			buildSettings = {
				ALWAYS_SEARCH_USER_PATHS = NO;
				CLANG_ANALYZER_NONNULL = YES;
				CLANG_CXX_LANGUAGE_STANDARD = "gnu++0x";
				CLANG_CXX_LIBRARY = "libc++";
				CLANG_ENABLE_MODULES = YES;
				CLANG_ENABLE_OBJC_ARC = YES;
				CLANG_WARN_BOOL_CONVERSION = YES;
				CLANG_WARN_CONSTANT_CONVERSION = YES;
				CLANG_WARN_DIRECT_OBJC_ISA_USAGE = YES_ERROR;
				CLANG_WARN_EMPTY_BODY = YES;
				CLANG_WARN_ENUM_CONVERSION = YES;
				CLANG_WARN_INT_CONVERSION = YES;
				CLANG_WARN_OBJC_ROOT_CLASS = YES_ERROR;
				CLANG_WARN_UNREACHABLE_CODE = YES;
				CLANG_WARN__DUPLICATE_METHOD_MATCH = YES;
				"CODE_SIGN_IDENTITY[sdk=iphoneos*]" = "iPhone Developer";
				COPY_PHASE_STRIP = NO;
				DEBUG_INFORMATION_FORMAT = "dwarf-with-dsym";
				ENABLE_NS_ASSERTIONS = NO;
				ENABLE_STRICT_OBJC_MSGSEND = YES;
				GCC_C_LANGUAGE_STANDARD = gnu99;
				GCC_NO_COMMON_BLOCKS = YES;
				GCC_WARN_64_TO_32_BIT_CONVERSION = YES;
				GCC_WARN_ABOUT_RETURN_TYPE = YES_ERROR;
				GCC_WARN_UNDECLARED_SELECTOR = YES;
				GCC_WARN_UNINITIALIZED_AUTOS = YES_AGGRESSIVE;
				GCC_WARN_UNUSED_FUNCTION = YES;
				GCC_WARN_UNUSED_VARIABLE = YES;
				IPHONEOS_DEPLOYMENT_TARGET = 9.3;
				MTL_ENABLE_DEBUG_INFO = NO;
				SDKROOT = iphoneos;
				TARGETED_DEVICE_FAMILY = "1,2";
				VALIDATE_PRODUCT = YES;
			};
			name = Release;
		};
		2DB4365E1D4D632700F8E69D /* Debug */ = {
			isa = XCBuildConfiguration;
			buildSettings = {
				ASSETCATALOG_COMPILER_APPICON_NAME = AppIcon;
				INFOPLIST_FILE = CardCreator/Info.plist;
				LD_RUNPATH_SEARCH_PATHS = "$(inherited) @executable_path/Frameworks";
				PRODUCT_BUNDLE_IDENTIFIER = org.nypl.CardCreator;
				PRODUCT_NAME = "$(TARGET_NAME)";
			};
			name = Debug;
		};
		2DB4365F1D4D632700F8E69D /* Release */ = {
			isa = XCBuildConfiguration;
			buildSettings = {
				ASSETCATALOG_COMPILER_APPICON_NAME = AppIcon;
				INFOPLIST_FILE = CardCreator/Info.plist;
				LD_RUNPATH_SEARCH_PATHS = "$(inherited) @executable_path/Frameworks";
				PRODUCT_BUNDLE_IDENTIFIER = org.nypl.CardCreator;
				PRODUCT_NAME = "$(TARGET_NAME)";
			};
			name = Release;
		};
/* End XCBuildConfiguration section */

/* Begin XCConfigurationList section */
		2DB436461D4D632700F8E69D /* Build configuration list for PBXProject "CardCreator" */ = {
			isa = XCConfigurationList;
			buildConfigurations = (
				2DB4365B1D4D632700F8E69D /* Debug */,
				2DB4365C1D4D632700F8E69D /* Release */,
			);
			defaultConfigurationIsVisible = 0;
			defaultConfigurationName = Release;
		};
		2DB4365D1D4D632700F8E69D /* Build configuration list for PBXNativeTarget "CardCreator" */ = {
			isa = XCConfigurationList;
			buildConfigurations = (
				2DB4365E1D4D632700F8E69D /* Debug */,
				2DB4365F1D4D632700F8E69D /* Release */,
			);
			defaultConfigurationIsVisible = 0;
		};
/* End XCConfigurationList section */
	};
	rootObject = 2DB436431D4D632700F8E69D /* Project object */;
}
